# This file was autogenerated by Stack.
# You should not edit this file by hand.
# For more information, please see the documentation at:
#   https://docs.haskellstack.org/en/stable/lock_files

packages:
- completed:
    hackage: yesod-text-markdown-0.1.10@sha256:5ec2f0c7723f3ae134189d2a265bc1b37bad99b9b4b7bd452645c7e5a81b1bf8,2281
    pantry-tree:
      size: 226
      sha256: c52dbee76de9e44a85043820939c26ebe5e48dd6e238341c37b6c134b01a69ca
  original:
    hackage: yesod-text-markdown-0.1.10@sha256:5ec2f0c7723f3ae134189d2a265bc1b37bad99b9b4b7bd452645c7e5a81b1bf8,2281
snapshots:
- completed:
    size: 533252
    url: https://raw.githubusercontent.com/commercialhaskell/stackage-snapshots/master/lts/16/27.yaml
    sha256: c2aaae52beeacf6a5727c1010f50e89d03869abfab6d2c2658ade9da8ed50c73
  original:
    url: https://raw.githubusercontent.com/commercialhaskell/stackage-snapshots/master/lts/16/27.yaml
